
Microsoft Visual Studio Solution File, Format Version 12.00
# Visual Studio Version 16
VisualStudioVersion = 16.0.31624.102
MinimumVisualStudioVersion = 10.0.40219.1
Project("{FAE04EC0-301F-11D3-BF4B-00C04F79EFBC}") = "AJonsgaard1730ex 1b", "AJonsgaard1730ex 1b\AJonsgaard1730ex 1b.csproj", "{95F58357-AC16-48EF-9596-EF89A68A3427}"
EndProject
Project("{FAE04EC0-301F-11D3-BF4B-00C04F79EFBC}") = "1730AJonsgaard1c1", "1730AJonsgaard1c1\1730AJonsgaard1c1.csproj", "{A86355AC-0E02-4986-B7E3-819DA46CC410}"
EndProject
Project("{FAE04EC0-301F-11D3-BF4B-00C04F79EFBC}") = "VariableSample", "VariableSample\VariableSample.csproj", "{0B6ABD53-AC3D-498E-84D9-9357F4B9F21F}"
EndProject
Project("{FAE04EC0-301F-11D3-BF4B-00C04F79EFBC}") = "AJonsgaard2A1", "AJonsgaard2A1\AJonsgaard2A1.csproj", "{B55DC794-5A20-4E9F-9DCD-FABA7235E8C0}"
EndProject
Project("{FAE04EC0-301F-11D3-BF4B-00C04F79EFBC}") = "AJonsgaard1E1", "AJonsgaard1E1\AJonsgaard1E1.csproj", "{CE0976E3-C145-4942-8C96-8A340470354F}"
EndProject
Project("{FAE04EC0-301F-11D3-BF4B-00C04F79EFBC}") = "AJonsgaard1d1", "AJonsgaard1d1\AJonsgaard1d1.csproj", "{428A943E-FA9D-4271-B8C0-0E209E1D9C5B}"
EndProject
Project("{FAE04EC0-301F-11D3-BF4B-00C04F79EFBC}") = "AJonsgaard1F1", "AJonsgaard1F1\AJonsgaard1F1.csproj", "{522D9174-AE53-463B-AC66-F2BD8AD014C9}"
EndProject
Project("{FAE04EC0-301F-11D3-BF4B-00C04F79EFBC}") = "AJonsgaard2B1", "AJonsgaard2B1\AJonsgaard2B1.csproj", "{9BD0A08F-7398-4ED1-A74E-D2F68B549481}"
EndProject
Project("{FAE04EC0-301F-11D3-BF4B-00C04F79EFBC}") = "AJonsgaard2D1", "AJonsgaard2D1\AJonsgaard2D1.csproj", "{611CAE0C-AFB7-4178-AE4A-D0B4FD1CAED2}"
EndProject
Project("{FAE04EC0-301F-11D3-BF4B-00C04F79EFBC}") = "AJonsgaard2E1", "AJonsgaard2E1\AJonsgaard2E1.csproj", "{584909B2-53BC-437D-8A0E-243F4F28311B}"
EndProject
Global
	GlobalSection(SolutionConfigurationPlatforms) = preSolution
		Debug|Any CPU = Debug|Any CPU
		Release|Any CPU = Release|Any CPU
	EndGlobalSection
	GlobalSection(ProjectConfigurationPlatforms) = postSolution
		{95F58357-AC16-48EF-9596-EF89A68A3427}.Debug|Any CPU.ActiveCfg = Debug|Any CPU
		{95F58357-AC16-48EF-9596-EF89A68A3427}.Debug|Any CPU.Build.0 = Debug|Any CPU
		{95F58357-AC16-48EF-9596-EF89A68A3427}.Release|Any CPU.ActiveCfg = Release|Any CPU
		{95F58357-AC16-48EF-9596-EF89A68A3427}.Release|Any CPU.Build.0 = Release|Any CPU
		{A86355AC-0E02-4986-B7E3-819DA46CC410}.Debug|Any CPU.ActiveCfg = Debug|Any CPU
		{A86355AC-0E02-4986-B7E3-819DA46CC410}.Debug|Any CPU.Build.0 = Debug|Any CPU
		{A86355AC-0E02-4986-B7E3-819DA46CC410}.Release|Any CPU.ActiveCfg = Release|Any CPU
		{A86355AC-0E02-4986-B7E3-819DA46CC410}.Release|Any CPU.Build.0 = Release|Any CPU
		{0B6ABD53-AC3D-498E-84D9-9357F4B9F21F}.Debug|Any CPU.ActiveCfg = Debug|Any CPU
		{0B6ABD53-AC3D-498E-84D9-9357F4B9F21F}.Debug|Any CPU.Build.0 = Debug|Any CPU
		{0B6ABD53-AC3D-498E-84D9-9357F4B9F21F}.Release|Any CPU.ActiveCfg = Release|Any CPU
		{0B6ABD53-AC3D-498E-84D9-9357F4B9F21F}.Release|Any CPU.Build.0 = Release|Any CPU
		{B55DC794-5A20-4E9F-9DCD-FABA7235E8C0}.Debug|Any CPU.ActiveCfg = Debug|Any CPU
		{B55DC794-5A20-4E9F-9DCD-FABA7235E8C0}.Debug|Any CPU.Build.0 = Debug|Any CPU
		{B55DC794-5A20-4E9F-9DCD-FABA7235E8C0}.Release|Any CPU.ActiveCfg = Release|Any CPU
		{B55DC794-5A20-4E9F-9DCD-FABA7235E8C0}.Release|Any CPU.Build.0 = Release|Any CPU
		{CE0976E3-C145-4942-8C96-8A340470354F}.Debug|Any CPU.ActiveCfg = Debug|Any CPU
		{CE0976E3-C145-4942-8C96-8A340470354F}.Debug|Any CPU.Build.0 = Debug|Any CPU
		{CE0976E3-C145-4942-8C96-8A340470354F}.Release|Any CPU.ActiveCfg = Release|Any CPU
		{CE0976E3-C145-4942-8C96-8A340470354F}.Release|Any CPU.Build.0 = Release|Any CPU
		{428A943E-FA9D-4271-B8C0-0E209E1D9C5B}.Debug|Any CPU.ActiveCfg = Debug|Any CPU
		{428A943E-FA9D-4271-B8C0-0E209E1D9C5B}.Debug|Any CPU.Build.0 = Debug|Any CPU
		{428A943E-FA9D-4271-B8C0-0E209E1D9C5B}.Release|Any CPU.ActiveCfg = Release|Any CPU
		{428A943E-FA9D-4271-B8C0-0E209E1D9C5B}.Release|Any CPU.Build.0 = Release|Any CPU
		{522D9174-AE53-463B-AC66-F2BD8AD014C9}.Debug|Any CPU.ActiveCfg = Debug|Any CPU
		{522D9174-AE53-463B-AC66-F2BD8AD014C9}.Debug|Any CPU.Build.0 = Debug|Any CPU
		{522D9174-AE53-463B-AC66-F2BD8AD014C9}.Release|Any CPU.ActiveCfg = Release|Any CPU
		{522D9174-AE53-463B-AC66-F2BD8AD014C9}.Release|Any CPU.Build.0 = Release|Any CPU
		{9BD0A08F-7398-4ED1-A74E-D2F68B549481}.Debug|Any CPU.ActiveCfg = Debug|Any CPU
		{9BD0A08F-7398-4ED1-A74E-D2F68B549481}.Debug|Any CPU.Build.0 = Debug|Any CPU
		{9BD0A08F-7398-4ED1-A74E-D2F68B549481}.Release|Any CPU.ActiveCfg = Release|Any CPU
		{9BD0A08F-7398-4ED1-A74E-D2F68B549481}.Release|Any CPU.Build.0 = Release|Any CPU
		{611CAE0C-AFB7-4178-AE4A-D0B4FD1CAED2}.Debug|Any CPU.ActiveCfg = Debug|Any CPU
		{611CAE0C-AFB7-4178-AE4A-D0B4FD1CAED2}.Debug|Any CPU.Build.0 = Debug|Any CPU
		{611CAE0C-AFB7-4178-AE4A-D0B4FD1CAED2}.Release|Any CPU.ActiveCfg = Release|Any CPU
		{611CAE0C-AFB7-4178-AE4A-D0B4FD1CAED2}.Release|Any CPU.Build.0 = Release|Any CPU
		{584909B2-53BC-437D-8A0E-243F4F28311B}.Debug|Any CPU.ActiveCfg = Debug|Any CPU
		{584909B2-53BC-437D-8A0E-243F4F28311B}.Debug|Any CPU.Build.0 = Debug|Any CPU
		{584909B2-53BC-437D-8A0E-243F4F28311B}.Release|Any CPU.ActiveCfg = Release|Any CPU
		{584909B2-53BC-437D-8A0E-243F4F28311B}.Release|Any CPU.Build.0 = Release|Any CPU
	EndGlobalSection
	GlobalSection(SolutionProperties) = preSolution
		HideSolutionNode = FALSE
	EndGlobalSection
	GlobalSection(ExtensibilityGlobals) = postSolution
		SolutionGuid = {3915DE3D-2ABE-4F1F-BE32-6A9024237735}
	EndGlobalSection
EndGlobal
