
Microsoft Visual Studio Solution File, Format Version 12.00
# Visual Studio Version 16
VisualStudioVersion = 16.0.31515.178
MinimumVisualStudioVersion = 10.0.40219.1
Project("{FAE04EC0-301F-11D3-BF4B-00C04F79EFBC}") = "nkader2H", "nkader2H\nkader2H.csproj", "{C330089E-A0FC-42E5-94BD-9FBF943D8692}"
EndProject
Project("{FAE04EC0-301F-11D3-BF4B-00C04F79EFBC}") = "nkader2H.Tests", "nkader2H.Tests\nkader2H.Tests.csproj", "{ED9B6C3B-5C50-4667-827A-80B825AA638E}"
EndProject
Project("{FAE04EC0-301F-11D3-BF4B-00C04F79EFBC}") = "StringMethodsSamp", "StringMethodsSamp\StringMethodsSamp.csproj", "{AEB1977D-F705-4A3F-BBD2-7904D118BBA5}"
EndProject
Global
	GlobalSection(SolutionConfigurationPlatforms) = preSolution
		Debug|Any CPU = Debug|Any CPU
		Release|Any CPU = Release|Any CPU
	EndGlobalSection
	GlobalSection(ProjectConfigurationPlatforms) = postSolution
		{C330089E-A0FC-42E5-94BD-9FBF943D8692}.Debug|Any CPU.ActiveCfg = Debug|Any CPU
		{C330089E-A0FC-42E5-94BD-9FBF943D8692}.Debug|Any CPU.Build.0 = Debug|Any CPU
		{C330089E-A0FC-42E5-94BD-9FBF943D8692}.Release|Any CPU.ActiveCfg = Release|Any CPU
		{C330089E-A0FC-42E5-94BD-9FBF943D8692}.Release|Any CPU.Build.0 = Release|Any CPU
		{ED9B6C3B-5C50-4667-827A-80B825AA638E}.Debug|Any CPU.ActiveCfg = Debug|Any CPU
		{ED9B6C3B-5C50-4667-827A-80B825AA638E}.Debug|Any CPU.Build.0 = Debug|Any CPU
		{ED9B6C3B-5C50-4667-827A-80B825AA638E}.Release|Any CPU.ActiveCfg = Release|Any CPU
		{ED9B6C3B-5C50-4667-827A-80B825AA638E}.Release|Any CPU.Build.0 = Release|Any CPU
		{AEB1977D-F705-4A3F-BBD2-7904D118BBA5}.Debug|Any CPU.ActiveCfg = Debug|Any CPU
		{AEB1977D-F705-4A3F-BBD2-7904D118BBA5}.Debug|Any CPU.Build.0 = Debug|Any CPU
		{AEB1977D-F705-4A3F-BBD2-7904D118BBA5}.Release|Any CPU.ActiveCfg = Release|Any CPU
		{AEB1977D-F705-4A3F-BBD2-7904D118BBA5}.Release|Any CPU.Build.0 = Release|Any CPU
	EndGlobalSection
	GlobalSection(SolutionProperties) = preSolution
		HideSolutionNode = FALSE
	EndGlobalSection
	GlobalSection(ExtensibilityGlobals) = postSolution
		SolutionGuid = {5DD15493-A5CB-42CD-B7E8-FA02110F91D9}
	EndGlobalSection
EndGlobal
