
Microsoft Visual Studio Solution File, Format Version 12.00
# Visual Studio Version 16
VisualStudioVersion = 16.0.31624.102
MinimumVisualStudioVersion = 10.0.40219.1
Project("{FAE04EC0-301F-11D3-BF4B-00C04F79EFBC}") = "AJonsgaard1F1", "AJonsgaard1F1.csproj", "{522D9174-AE53-463B-AC66-F2BD8AD014C9}"
EndProject
Global
	GlobalSection(SolutionConfigurationPlatforms) = preSolution
		Debug|Any CPU = Debug|Any CPU
		Release|Any CPU = Release|Any CPU
	EndGlobalSection
	GlobalSection(ProjectConfigurationPlatforms) = postSolution
		{522D9174-AE53-463B-AC66-F2BD8AD014C9}.Debug|Any CPU.ActiveCfg = Debug|Any CPU
		{522D9174-AE53-463B-AC66-F2BD8AD014C9}.Debug|Any CPU.Build.0 = Debug|Any CPU
		{522D9174-AE53-463B-AC66-F2BD8AD014C9}.Release|Any CPU.ActiveCfg = Release|Any CPU
		{522D9174-AE53-463B-AC66-F2BD8AD014C9}.Release|Any CPU.Build.0 = Release|Any CPU
	EndGlobalSection
	GlobalSection(SolutionProperties) = preSolution
		HideSolutionNode = FALSE
	EndGlobalSection
	GlobalSection(ExtensibilityGlobals) = postSolution
		SolutionGuid = {1016FAB8-181F-46B7-8CEA-3DE7405D826B}
	EndGlobalSection
EndGlobal
